
Microsoft Visual Studio Solution File, Format Version 12.00
# Visual Studio Version 17
VisualStudioVersion = 17.2.32602.215
MinimumVisualStudioVersion = 10.0.40219.1
Project("{FAE04EC0-301F-11D3-BF4B-00C04F79EFBC}") = "UnitConverter", "UnitConverter\UnitConverter.csproj", "{329DABD0-E643-4335-8E03-8E22A4E7D8BA}"
EndProject
Project("{FAE04EC0-301F-11D3-BF4B-00C04F79EFBC}") = "ConverterTests", "ConverterTests\ConverterTests.csproj", "{B30DC84B-2D13-4B9F-9BFD-66B4BAFD1B18}"
EndProject
Global
	GlobalSection(SolutionConfigurationPlatforms) = preSolution
		Debug|Any CPU = Debug|Any CPU
		Release|Any CPU = Release|Any CPU
	EndGlobalSection
	GlobalSection(ProjectConfigurationPlatforms) = postSolution
		{329DABD0-E643-4335-8E03-8E22A4E7D8BA}.Debug|Any CPU.ActiveCfg = Debug|Any CPU
		{329DABD0-E643-4335-8E03-8E22A4E7D8BA}.Debug|Any CPU.Build.0 = Debug|Any CPU
		{329DABD0-E643-4335-8E03-8E22A4E7D8BA}.Release|Any CPU.ActiveCfg = Release|Any CPU
		{329DABD0-E643-4335-8E03-8E22A4E7D8BA}.Release|Any CPU.Build.0 = Release|Any CPU
		{B30DC84B-2D13-4B9F-9BFD-66B4BAFD1B18}.Debug|Any CPU.ActiveCfg = Debug|Any CPU
		{B30DC84B-2D13-4B9F-9BFD-66B4BAFD1B18}.Debug|Any CPU.Build.0 = Debug|Any CPU
		{B30DC84B-2D13-4B9F-9BFD-66B4BAFD1B18}.Release|Any CPU.ActiveCfg = Release|Any CPU
		{B30DC84B-2D13-4B9F-9BFD-66B4BAFD1B18}.Release|Any CPU.Build.0 = Release|Any CPU
	EndGlobalSection
	GlobalSection(SolutionProperties) = preSolution
		HideSolutionNode = FALSE
	EndGlobalSection
	GlobalSection(ExtensibilityGlobals) = postSolution
		SolutionGuid = {5764CBC4-6A76-43E7-B105-52B08CBA1FB7}
	EndGlobalSection
EndGlobal
